
Microsoft Visual Studio Solution File, Format Version 12.00
# Visual Studio 15
VisualStudioVersion = 15.0.26403.3
MinimumVisualStudioVersion = 10.0.40219.1
Project("{FAE04EC0-301F-11D3-BF4B-00C04F79EFBC}") = "DbVersioning", "DbVersioning\DbVersioning.csproj", "{065073B1-C96F-4006-9237-06B272531BB7}"
EndProject
Project("{2150E333-8FDC-42A3-9474-1A3956D46DE8}") = ".nuget", ".nuget", "{7C352901-8916-4AED-BF15-85DF235DD36A}"
	ProjectSection(SolutionItems) = preProject
		.nuget\NuGet.Config = .nuget\NuGet.Config
		.nuget\NuGet.exe = .nuget\NuGet.exe
		.nuget\NuGet.targets = .nuget\NuGet.targets
	EndProjectSection
EndProject
Project("{FAE04EC0-301F-11D3-BF4B-00C04F79EFBC}") = "DbVersioning.Tests", "DbVersioning.Tests\DbVersioning.Tests.csproj", "{C949D55F-B424-46A2-9642-004B5488F349}"
EndProject
Project("{FAE04EC0-301F-11D3-BF4B-00C04F79EFBC}") = "DbUpdatesApplier.Console", "DbUpdatesApplier.Console\DbUpdatesApplier.Console.csproj", "{33DCC01E-F632-4D98-A3F0-FEFB03B5DF3F}"
EndProject
Project("{FAE04EC0-301F-11D3-BF4B-00C04F79EFBC}") = "object.order", "object.order\object.order.csproj", "{A268CE74-D94C-48B0-990C-2E9E026EB0AC}"
EndProject
Global
	GlobalSection(SolutionConfigurationPlatforms) = preSolution
		Debug|Any CPU = Debug|Any CPU
		Debug|Mixed Platforms = Debug|Mixed Platforms
		Debug|x86 = Debug|x86
		Release|Any CPU = Release|Any CPU
		Release|Mixed Platforms = Release|Mixed Platforms
		Release|x86 = Release|x86
	EndGlobalSection
	GlobalSection(ProjectConfigurationPlatforms) = postSolution
		{065073B1-C96F-4006-9237-06B272531BB7}.Debug|Any CPU.ActiveCfg = Debug|Any CPU
		{065073B1-C96F-4006-9237-06B272531BB7}.Debug|Any CPU.Build.0 = Debug|Any CPU
		{065073B1-C96F-4006-9237-06B272531BB7}.Debug|Mixed Platforms.ActiveCfg = Debug|Any CPU
		{065073B1-C96F-4006-9237-06B272531BB7}.Debug|Mixed Platforms.Build.0 = Debug|Any CPU
		{065073B1-C96F-4006-9237-06B272531BB7}.Debug|x86.ActiveCfg = Debug|Any CPU
		{065073B1-C96F-4006-9237-06B272531BB7}.Release|Any CPU.ActiveCfg = Release|Any CPU
		{065073B1-C96F-4006-9237-06B272531BB7}.Release|Any CPU.Build.0 = Release|Any CPU
		{065073B1-C96F-4006-9237-06B272531BB7}.Release|Mixed Platforms.ActiveCfg = Release|Any CPU
		{065073B1-C96F-4006-9237-06B272531BB7}.Release|Mixed Platforms.Build.0 = Release|Any CPU
		{065073B1-C96F-4006-9237-06B272531BB7}.Release|x86.ActiveCfg = Release|Any CPU
		{C949D55F-B424-46A2-9642-004B5488F349}.Debug|Any CPU.ActiveCfg = Debug|Any CPU
		{C949D55F-B424-46A2-9642-004B5488F349}.Debug|Any CPU.Build.0 = Debug|Any CPU
		{C949D55F-B424-46A2-9642-004B5488F349}.Debug|Mixed Platforms.ActiveCfg = Debug|Any CPU
		{C949D55F-B424-46A2-9642-004B5488F349}.Debug|Mixed Platforms.Build.0 = Debug|Any CPU
		{C949D55F-B424-46A2-9642-004B5488F349}.Debug|x86.ActiveCfg = Debug|Any CPU
		{C949D55F-B424-46A2-9642-004B5488F349}.Release|Any CPU.ActiveCfg = Release|Any CPU
		{C949D55F-B424-46A2-9642-004B5488F349}.Release|Any CPU.Build.0 = Release|Any CPU
		{C949D55F-B424-46A2-9642-004B5488F349}.Release|Mixed Platforms.ActiveCfg = Release|Any CPU
		{C949D55F-B424-46A2-9642-004B5488F349}.Release|Mixed Platforms.Build.0 = Release|Any CPU
		{C949D55F-B424-46A2-9642-004B5488F349}.Release|x86.ActiveCfg = Release|Any CPU
		{33DCC01E-F632-4D98-A3F0-FEFB03B5DF3F}.Debug|Any CPU.ActiveCfg = Debug|x86
		{33DCC01E-F632-4D98-A3F0-FEFB03B5DF3F}.Debug|Mixed Platforms.ActiveCfg = Debug|x86
		{33DCC01E-F632-4D98-A3F0-FEFB03B5DF3F}.Debug|Mixed Platforms.Build.0 = Debug|x86
		{33DCC01E-F632-4D98-A3F0-FEFB03B5DF3F}.Debug|x86.ActiveCfg = Debug|x86
		{33DCC01E-F632-4D98-A3F0-FEFB03B5DF3F}.Debug|x86.Build.0 = Debug|x86
		{33DCC01E-F632-4D98-A3F0-FEFB03B5DF3F}.Release|Any CPU.ActiveCfg = Release|x86
		{33DCC01E-F632-4D98-A3F0-FEFB03B5DF3F}.Release|Mixed Platforms.ActiveCfg = Release|x86
		{33DCC01E-F632-4D98-A3F0-FEFB03B5DF3F}.Release|Mixed Platforms.Build.0 = Release|x86
		{33DCC01E-F632-4D98-A3F0-FEFB03B5DF3F}.Release|x86.ActiveCfg = Release|x86
		{33DCC01E-F632-4D98-A3F0-FEFB03B5DF3F}.Release|x86.Build.0 = Release|x86
		{A268CE74-D94C-48B0-990C-2E9E026EB0AC}.Debug|Any CPU.ActiveCfg = Debug|Any CPU
		{A268CE74-D94C-48B0-990C-2E9E026EB0AC}.Debug|Any CPU.Build.0 = Debug|Any CPU
		{A268CE74-D94C-48B0-990C-2E9E026EB0AC}.Debug|Mixed Platforms.ActiveCfg = Debug|Any CPU
		{A268CE74-D94C-48B0-990C-2E9E026EB0AC}.Debug|Mixed Platforms.Build.0 = Debug|Any CPU
		{A268CE74-D94C-48B0-990C-2E9E026EB0AC}.Debug|x86.ActiveCfg = Debug|Any CPU
		{A268CE74-D94C-48B0-990C-2E9E026EB0AC}.Release|Any CPU.ActiveCfg = Release|Any CPU
		{A268CE74-D94C-48B0-990C-2E9E026EB0AC}.Release|Any CPU.Build.0 = Release|Any CPU
		{A268CE74-D94C-48B0-990C-2E9E026EB0AC}.Release|Mixed Platforms.ActiveCfg = Release|Any CPU
		{A268CE74-D94C-48B0-990C-2E9E026EB0AC}.Release|Mixed Platforms.Build.0 = Release|Any CPU
		{A268CE74-D94C-48B0-990C-2E9E026EB0AC}.Release|x86.ActiveCfg = Release|Any CPU
	EndGlobalSection
	GlobalSection(SolutionProperties) = preSolution
		HideSolutionNode = FALSE
	EndGlobalSection
EndGlobal
